// !$*UTF8*$!
{
	archiveVersion = 1;
	classes = {
	};
	objectVersion = 46;
	objects = {

/* Begin PBXBuildFile section */
		ED97CDE419DB72CC008B9EBF /* main.m in Sources */ = {isa = PBXBuildFile; fileRef = ED97CDE319DB72CC008B9EBF /* main.m */; };
		ED97CDE719DB72CC008B9EBF /* AppDelegate.m in Sources */ = {isa = PBXBuildFile; fileRef = ED97CDE619DB72CC008B9EBF /* AppDelegate.m */; };
		ED97CDE919DB72CC008B9EBF /* Images.xcassets in Resources */ = {isa = PBXBuildFile; fileRef = ED97CDE819DB72CC008B9EBF /* Images.xcassets */; };
		ED97CDEC19DB72CC008B9EBF /* LaunchScreen.xib in Resources */ = {isa = PBXBuildFile; fileRef = ED97CDEA19DB72CC008B9EBF /* LaunchScreen.xib */; };
		ED97CDF819DB72CC008B9EBF /* HypnosisReminderTests.m in Sources */ = {isa = PBXBuildFile; fileRef = ED97CDF719DB72CC008B9EBF /* HypnosisReminderTests.m */; };
		ED97CE0319DB7307008B9EBF /* BNRHypnosisView.m in Sources */ = {isa = PBXBuildFile; fileRef = ED97CE0219DB7307008B9EBF /* BNRHypnosisView.m */; };
		ED97CE0919DB7390008B9EBF /* HypnosisViewController.m in Sources */ = {isa = PBXBuildFile; fileRef = ED97CE0819DB7390008B9EBF /* HypnosisViewController.m */; };
		ED97CE0C19DB74C3008B9EBF /* ReminderViewController.m in Sources */ = {isa = PBXBuildFile; fileRef = ED97CE0B19DB74C3008B9EBF /* ReminderViewController.m */; };
		ED97CE0E19DB754B008B9EBF /* ReminderViewController.xib in Resources */ = {isa = PBXBuildFile; fileRef = ED97CE0D19DB754B008B9EBF /* ReminderViewController.xib */; };
/* End PBXBuildFile section */

/* Begin PBXContainerItemProxy section */
		ED97CDF219DB72CC008B9EBF /* PBXContainerItemProxy */ = {
			isa = PBXContainerItemProxy;
			containerPortal = ED97CDD619DB72CC008B9EBF /* Project object */;
			proxyType = 1;
			remoteGlobalIDString = ED97CDDD19DB72CC008B9EBF;
			remoteInfo = HypnosisReminder;
		};
/* End PBXContainerItemProxy section */

/* Begin PBXFileReference section */
		ED97CDDE19DB72CC008B9EBF /* HypnosisReminder.app */ = {isa = PBXFileReference; explicitFileType = wrapper.application; includeInIndex = 0; path = HypnosisReminder.app; sourceTree = BUILT_PRODUCTS_DIR; };
		ED97CDE219DB72CC008B9EBF /* Info.plist */ = {isa = PBXFileReference; lastKnownFileType = text.plist.xml; path = Info.plist; sourceTree = "<group>"; };
		ED97CDE319DB72CC008B9EBF /* main.m */ = {isa = PBXFileReference; lastKnownFileType = sourcecode.c.objc; path = main.m; sourceTree = "<group>"; };
		ED97CDE519DB72CC008B9EBF /* AppDelegate.h */ = {isa = PBXFileReference; lastKnownFileType = sourcecode.c.h; path = AppDelegate.h; sourceTree = "<group>"; };
		ED97CDE619DB72CC008B9EBF /* AppDelegate.m */ = {isa = PBXFileReference; lastKnownFileType = sourcecode.c.objc; path = AppDelegate.m; sourceTree = "<group>"; };
		ED97CDE819DB72CC008B9EBF /* Images.xcassets */ = {isa = PBXFileReference; lastKnownFileType = folder.assetcatalog; path = Images.xcassets; sourceTree = "<group>"; };
		ED97CDEB19DB72CC008B9EBF /* Base */ = {isa = PBXFileReference; lastKnownFileType = file.xib; name = Base; path = Base.lproj/LaunchScreen.xib; sourceTree = "<group>"; };
		ED97CDF119DB72CC008B9EBF /* HypnosisReminderTests.xctest */ = {isa = PBXFileReference; explicitFileType = wrapper.cfbundle; includeInIndex = 0; path = HypnosisReminderTests.xctest; sourceTree = BUILT_PRODUCTS_DIR; };
		ED97CDF619DB72CC008B9EBF /* Info.plist */ = {isa = PBXFileReference; lastKnownFileType = text.plist.xml; path = Info.plist; sourceTree = "<group>"; };
		ED97CDF719DB72CC008B9EBF /* HypnosisReminderTests.m */ = {isa = PBXFileReference; lastKnownFileType = sourcecode.c.objc; path = HypnosisReminderTests.m; sourceTree = "<group>"; };
		ED97CE0119DB7307008B9EBF /* BNRHypnosisView.h */ = {isa = PBXFileReference; fileEncoding = 4; lastKnownFileType = sourcecode.c.h; path = BNRHypnosisView.h; sourceTree = "<group>"; };
		ED97CE0219DB7307008B9EBF /* BNRHypnosisView.m */ = {isa = PBXFileReference; fileEncoding = 4; lastKnownFileType = sourcecode.c.objc; path = BNRHypnosisView.m; sourceTree = "<group>"; };
		ED97CE0719DB7390008B9EBF /* HypnosisViewController.h */ = {isa = PBXFileReference; fileEncoding = 4; lastKnownFileType = sourcecode.c.h; path = HypnosisViewController.h; sourceTree = "<group>"; };
		ED97CE0819DB7390008B9EBF /* HypnosisViewController.m */ = {isa = PBXFileReference; fileEncoding = 4; lastKnownFileType = sourcecode.c.objc; path = HypnosisViewController.m; sourceTree = "<group>"; };
		ED97CE0A19DB74C3008B9EBF /* ReminderViewController.h */ = {isa = PBXFileReference; fileEncoding = 4; lastKnownFileType = sourcecode.c.h; path = ReminderViewController.h; sourceTree = "<group>"; };
		ED97CE0B19DB74C3008B9EBF /* ReminderViewController.m */ = {isa = PBXFileReference; fileEncoding = 4; lastKnownFileType = sourcecode.c.objc; path = ReminderViewController.m; sourceTree = "<group>"; };
		ED97CE0D19DB754B008B9EBF /* ReminderViewController.xib */ = {isa = PBXFileReference; fileEncoding = 4; lastKnownFileType = file.xib; path = ReminderViewController.xib; sourceTree = "<group>"; };
/* End PBXFileReference section */

/* Begin PBXFrameworksBuildPhase section */
		ED97CDDB19DB72CC008B9EBF /* Frameworks */ = {
			isa = PBXFrameworksBuildPhase;
			buildActionMask = 2147483647;
			files = (
			);
			runOnlyForDeploymentPostprocessing = 0;
		};
		ED97CDEE19DB72CC008B9EBF /* Frameworks */ = {
			isa = PBXFrameworksBuildPhase;
			buildActionMask = 2147483647;
			files = (
			);
			runOnlyForDeploymentPostprocessing = 0;
		};
/* End PBXFrameworksBuildPhase section */

/* Begin PBXGroup section */
		ED97CDD519DB72CC008B9EBF = {
			isa = PBXGroup;
			children = (
				ED97CE0719DB7390008B9EBF /* HypnosisViewController.h */,
				ED97CE0819DB7390008B9EBF /* HypnosisViewController.m */,
				ED97CDE019DB72CC008B9EBF /* HypnosisReminder */,
				ED97CDF419DB72CC008B9EBF /* HypnosisReminderTests */,
				ED97CDDF19DB72CC008B9EBF /* Products */,
			);
			sourceTree = "<group>";
		};
		ED97CDDF19DB72CC008B9EBF /* Products */ = {
			isa = PBXGroup;
			children = (
				ED97CDDE19DB72CC008B9EBF /* HypnosisReminder.app */,
				ED97CDF119DB72CC008B9EBF /* HypnosisReminderTests.xctest */,
			);
			name = Products;
			sourceTree = "<group>";
		};
		ED97CDE019DB72CC008B9EBF /* HypnosisReminder */ = {
			isa = PBXGroup;
			children = (
				ED97CDE519DB72CC008B9EBF /* AppDelegate.h */,
				ED97CDE619DB72CC008B9EBF /* AppDelegate.m */,
				ED97CE0A19DB74C3008B9EBF /* ReminderViewController.h */,
				ED97CE0B19DB74C3008B9EBF /* ReminderViewController.m */,
				ED97CE0D19DB754B008B9EBF /* ReminderViewController.xib */,
				ED97CE0119DB7307008B9EBF /* BNRHypnosisView.h */,
				ED97CE0219DB7307008B9EBF /* BNRHypnosisView.m */,
				ED97CDE819DB72CC008B9EBF /* Images.xcassets */,
				ED97CDEA19DB72CC008B9EBF /* LaunchScreen.xib */,
				ED97CDE119DB72CC008B9EBF /* Supporting Files */,
			);
			path = HypnosisReminder;
			sourceTree = "<group>";
		};
		ED97CDE119DB72CC008B9EBF /* Supporting Files */ = {
			isa = PBXGroup;
			children = (
				ED97CDE219DB72CC008B9EBF /* Info.plist */,
				ED97CDE319DB72CC008B9EBF /* main.m */,
			);
			name = "Supporting Files";
			sourceTree = "<group>";
		};
		ED97CDF419DB72CC008B9EBF /* HypnosisReminderTests */ = {
			isa = PBXGroup;
			children = (
				ED97CDF719DB72CC008B9EBF /* HypnosisReminderTests.m */,
				ED97CDF519DB72CC008B9EBF /* Supporting Files */,
			);
			path = HypnosisReminderTests;
			sourceTree = "<group>";
		};
		ED97CDF519DB72CC008B9EBF /* Supporting Files */ = {
			isa = PBXGroup;
			children = (
				ED97CDF619DB72CC008B9EBF /* Info.plist */,
			);
			name = "Supporting Files";
			sourceTree = "<group>";
		};
/* End PBXGroup section */

/* Begin PBXNativeTarget section */
		ED97CDDD19DB72CC008B9EBF /* HypnosisReminder */ = {
			isa = PBXNativeTarget;
			buildConfigurationList = ED97CDFB19DB72CC008B9EBF /* Build configuration list for PBXNativeTarget "HypnosisReminder" */;
			buildPhases = (
				ED97CDDA19DB72CC008B9EBF /* Sources */,
				ED97CDDB19DB72CC008B9EBF /* Frameworks */,
				ED97CDDC19DB72CC008B9EBF /* Resources */,
			);
			buildRules = (
			);
			dependencies = (
			);
			name = HypnosisReminder;
			productName = HypnosisReminder;
			productReference = ED97CDDE19DB72CC008B9EBF /* HypnosisReminder.app */;
			productType = "com.apple.product-type.application";
		};
		ED97CDF019DB72CC008B9EBF /* HypnosisReminderTests */ = {
			isa = PBXNativeTarget;
			buildConfigurationList = ED97CDFE19DB72CC008B9EBF /* Build configuration list for PBXNativeTarget "HypnosisReminderTests" */;
			buildPhases = (
				ED97CDED19DB72CC008B9EBF /* Sources */,
				ED97CDEE19DB72CC008B9EBF /* Frameworks */,
				ED97CDEF19DB72CC008B9EBF /* Resources */,
			);
			buildRules = (
			);
			dependencies = (
				ED97CDF319DB72CC008B9EBF /* PBXTargetDependency */,
			);
			name = HypnosisReminderTests;
			productName = HypnosisReminderTests;
			productReference = ED97CDF119DB72CC008B9EBF /* HypnosisReminderTests.xctest */;
			productType = "com.apple.product-type.bundle.unit-test";
		};
/* End PBXNativeTarget section */

/* Begin PBXProject section */
		ED97CDD619DB72CC008B9EBF /* Project object */ = {
			isa = PBXProject;
			attributes = {
				LastUpgradeCheck = 0600;
				ORGANIZATIONNAME = "Alex Konrad";
				TargetAttributes = {
					ED97CDDD19DB72CC008B9EBF = {
						CreatedOnToolsVersion = 6.0.1;
					};
					ED97CDF019DB72CC008B9EBF = {
						CreatedOnToolsVersion = 6.0.1;
						TestTargetID = ED97CDDD19DB72CC008B9EBF;
					};
				};
			};
			buildConfigurationList = ED97CDD919DB72CC008B9EBF /* Build configuration list for PBXProject "HypnosisReminder" */;
			compatibilityVersion = "Xcode 3.2";
			developmentRegion = English;
			hasScannedForEncodings = 0;
			knownRegions = (
				en,
				Base,
			);
			mainGroup = ED97CDD519DB72CC008B9EBF;
			productRefGroup = ED97CDDF19DB72CC008B9EBF /* Products */;
			projectDirPath = "";
			projectRoot = "";
			targets = (
				ED97CDDD19DB72CC008B9EBF /* HypnosisReminder */,
				ED97CDF019DB72CC008B9EBF /* HypnosisReminderTests */,
			);
		};
/* End PBXProject section */

/* Begin PBXResourcesBuildPhase section */
		ED97CDDC19DB72CC008B9EBF /* Resources */ = {
			isa = PBXResourcesBuildPhase;
			buildActionMask = 2147483647;
			files = (
				ED97CDEC19DB72CC008B9EBF /* LaunchScreen.xib in Resources */,
				ED97CE0E19DB754B008B9EBF /* ReminderViewController.xib in Resources */,
				ED97CDE919DB72CC008B9EBF /* Images.xcassets in Resources */,
			);
			runOnlyForDeploymentPostprocessing = 0;
		};
		ED97CDEF19DB72CC008B9EBF /* Resources */ = {
			isa = PBXResourcesBuildPhase;
			buildActionMask = 2147483647;
			files = (
			);
			runOnlyForDeploymentPostprocessing = 0;
		};
/* End PBXResourcesBuildPhase section */

/* Begin PBXSourcesBuildPhase section */
		ED97CDDA19DB72CC008B9EBF /* Sources */ = {
			isa = PBXSourcesBuildPhase;
			buildActionMask = 2147483647;
			files = (
				ED97CDE719DB72CC008B9EBF /* AppDelegate.m in Sources */,
				ED97CDE419DB72CC008B9EBF /* main.m in Sources */,
				ED97CE0319DB7307008B9EBF /* BNRHypnosisView.m in Sources */,
				ED97CE0919DB7390008B9EBF /* HypnosisViewController.m in Sources */,
				ED97CE0C19DB74C3008B9EBF /* ReminderViewController.m in Sources */,
			);
			runOnlyForDeploymentPostprocessing = 0;
		};
		ED97CDED19DB72CC008B9EBF /* Sources */ = {
			isa = PBXSourcesBuildPhase;
			buildActionMask = 2147483647;
			files = (
				ED97CDF819DB72CC008B9EBF /* HypnosisReminderTests.m in Sources */,
			);
			runOnlyForDeploymentPostprocessing = 0;
		};
/* End PBXSourcesBuildPhase section */

/* Begin PBXTargetDependency section */
		ED97CDF319DB72CC008B9EBF /* PBXTargetDependency */ = {
			isa = PBXTargetDependency;
			target = ED97CDDD19DB72CC008B9EBF /* HypnosisReminder */;
			targetProxy = ED97CDF219DB72CC008B9EBF /* PBXContainerItemProxy */;
		};
/* End PBXTargetDependency section */

/* Begin PBXVariantGroup section */
		ED97CDEA19DB72CC008B9EBF /* LaunchScreen.xib */ = {
			isa = PBXVariantGroup;
			children = (
				ED97CDEB19DB72CC008B9EBF /* Base */,
			);
			name = LaunchScreen.xib;
			sourceTree = "<group>";
		};
/* End PBXVariantGroup section */

/* Begin XCBuildConfiguration section */
		ED97CDF919DB72CC008B9EBF /* Debug */ = {
			isa = XCBuildConfiguration;
			buildSettings = {
				ALWAYS_SEARCH_USER_PATHS = NO;
				CLANG_CXX_LANGUAGE_STANDARD = "gnu++0x";
				CLANG_CXX_LIBRARY = "libc++";
				CLANG_ENABLE_MODULES = YES;
				CLANG_ENABLE_OBJC_ARC = YES;
				CLANG_WARN_BOOL_CONVERSION = YES;
				CLANG_WARN_CONSTANT_CONVERSION = YES;
				CLANG_WARN_DIRECT_OBJC_ISA_USAGE = YES_ERROR;
				CLANG_WARN_EMPTY_BODY = YES;
				CLANG_WARN_ENUM_CONVERSION = YES;
				CLANG_WARN_INT_CONVERSION = YES;
				CLANG_WARN_OBJC_ROOT_CLASS = YES_ERROR;
				CLANG_WARN_UNREACHABLE_CODE = YES;
				CLANG_WARN__DUPLICATE_METHOD_MATCH = YES;
				"CODE_SIGN_IDENTITY[sdk=iphoneos*]" = "iPhone Developer";
				COPY_PHASE_STRIP = NO;
				ENABLE_STRICT_OBJC_MSGSEND = YES;
				GCC_C_LANGUAGE_STANDARD = gnu99;
				GCC_DYNAMIC_NO_PIC = NO;
				GCC_OPTIMIZATION_LEVEL = 0;
				GCC_PREPROCESSOR_DEFINITIONS = (
					"DEBUG=1",
					"$(inherited)",
				);
				GCC_SYMBOLS_PRIVATE_EXTERN = NO;
				GCC_WARN_64_TO_32_BIT_CONVERSION = YES;
				GCC_WARN_ABOUT_RETURN_TYPE = YES_ERROR;
				GCC_WARN_UNDECLARED_SELECTOR = YES;
				GCC_WARN_UNINITIALIZED_AUTOS = YES_AGGRESSIVE;
				GCC_WARN_UNUSED_FUNCTION = YES;
				GCC_WARN_UNUSED_VARIABLE = YES;
				IPHONEOS_DEPLOYMENT_TARGET = 8.0;
				MTL_ENABLE_DEBUG_INFO = YES;
				ONLY_ACTIVE_ARCH = YES;
				SDKROOT = iphoneos;
			};
			name = Debug;
		};
		ED97CDFA19DB72CC008B9EBF /* Release */ = {
			isa = XCBuildConfiguration;
			buildSettings = {
				ALWAYS_SEARCH_USER_PATHS = NO;
				CLANG_CXX_LANGUAGE_STANDARD = "gnu++0x";
				CLANG_CXX_LIBRARY = "libc++";
				CLANG_ENABLE_MODULES = YES;
				CLANG_ENABLE_OBJC_ARC = YES;
				CLANG_WARN_BOOL_CONVERSION = YES;
				CLANG_WARN_CONSTANT_CONVERSION = YES;
				CLANG_WARN_DIRECT_OBJC_ISA_USAGE = YES_ERROR;
				CLANG_WARN_EMPTY_BODY = YES;
				CLANG_WARN_ENUM_CONVERSION = YES;
				CLANG_WARN_INT_CONVERSION = YES;
				CLANG_WARN_OBJC_ROOT_CLASS = YES_ERROR;
				CLANG_WARN_UNREACHABLE_CODE = YES;
				CLANG_WARN__DUPLICATE_METHOD_MATCH = YES;
				"CODE_SIGN_IDENTITY[sdk=iphoneos*]" = "iPhone Developer";
				COPY_PHASE_STRIP = YES;
				ENABLE_NS_ASSERTIONS = NO;
				ENABLE_STRICT_OBJC_MSGSEND = YES;
				GCC_C_LANGUAGE_STANDARD = gnu99;
				GCC_WARN_64_TO_32_BIT_CONVERSION = YES;
				GCC_WARN_ABOUT_RETURN_TYPE = YES_ERROR;
				GCC_WARN_UNDECLARED_SELECTOR = YES;
				GCC_WARN_UNINITIALIZED_AUTOS = YES_AGGRESSIVE;
				GCC_WARN_UNUSED_FUNCTION = YES;
				GCC_WARN_UNUSED_VARIABLE = YES;
				IPHONEOS_DEPLOYMENT_TARGET = 8.0;
				MTL_ENABLE_DEBUG_INFO = NO;
				SDKROOT = iphoneos;
				VALIDATE_PRODUCT = YES;
			};
			name = Release;
		};
		ED97CDFC19DB72CC008B9EBF /* Debug */ = {
			isa = XCBuildConfiguration;
			buildSettings = {
				ASSETCATALOG_COMPILER_APPICON_NAME = AppIcon;
				INFOPLIST_FILE = HypnosisReminder/Info.plist;
				LD_RUNPATH_SEARCH_PATHS = "$(inherited) @executable_path/Frameworks";
				PRODUCT_NAME = "$(TARGET_NAME)";
			};
			name = Debug;
		};
		ED97CDFD19DB72CC008B9EBF /* Release */ = {
			isa = XCBuildConfiguration;
			buildSettings = {
				ASSETCATALOG_COMPILER_APPICON_NAME = AppIcon;
				INFOPLIST_FILE = HypnosisReminder/Info.plist;
				LD_RUNPATH_SEARCH_PATHS = "$(inherited) @executable_path/Frameworks";
				PRODUCT_NAME = "$(TARGET_NAME)";
			};
			name = Release;
		};
		ED97CDFF19DB72CC008B9EBF /* Debug */ = {
			isa = XCBuildConfiguration;
			buildSettings = {
				BUNDLE_LOADER = "$(TEST_HOST)";
				FRAMEWORK_SEARCH_PATHS = (
					"$(SDKROOT)/Developer/Library/Frameworks",
					"$(inherited)",
				);
				GCC_PREPROCESSOR_DEFINITIONS = (
					"DEBUG=1",
					"$(inherited)",
				);
				INFOPLIST_FILE = HypnosisReminderTests/Info.plist;
				LD_RUNPATH_SEARCH_PATHS = "$(inherited) @executable_path/Frameworks @loader_path/Frameworks";
				PRODUCT_NAME = "$(TARGET_NAME)";
				TEST_HOST = "$(BUILT_PRODUCTS_DIR)/HypnosisReminder.app/HypnosisReminder";
			};
			name = Debug;
		};
		ED97CE0019DB72CC008B9EBF /* Release */ = {
			isa = XCBuildConfiguration;
			buildSettings = {
				BUNDLE_LOADER = "$(TEST_HOST)";
				FRAMEWORK_SEARCH_PATHS = (
					"$(SDKROOT)/Developer/Library/Frameworks",
					"$(inherited)",
				);
				INFOPLIST_FILE = HypnosisReminderTests/Info.plist;
				LD_RUNPATH_SEARCH_PATHS = "$(inherited) @executable_path/Frameworks @loader_path/Frameworks";
				PRODUCT_NAME = "$(TARGET_NAME)";
				TEST_HOST = "$(BUILT_PRODUCTS_DIR)/HypnosisReminder.app/HypnosisReminder";
			};
			name = Release;
		};
/* End XCBuildConfiguration section */

/* Begin XCConfigurationList section */
		ED97CDD919DB72CC008B9EBF /* Build configuration list for PBXProject "HypnosisReminder" */ = {
			isa = XCConfigurationList;
			buildConfigurations = (
				ED97CDF919DB72CC008B9EBF /* Debug */,
				ED97CDFA19DB72CC008B9EBF /* Release */,
			);
			defaultConfigurationIsVisible = 0;
			defaultConfigurationName = Release;
		};
		ED97CDFB19DB72CC008B9EBF /* Build configuration list for PBXNativeTarget "HypnosisReminder" */ = {
			isa = XCConfigurationList;
			buildConfigurations = (
				ED97CDFC19DB72CC008B9EBF /* Debug */,
				ED97CDFD19DB72CC008B9EBF /* Release */,
			);
			defaultConfigurationIsVisible = 0;
		};
		ED97CDFE19DB72CC008B9EBF /* Build configuration list for PBXNativeTarget "HypnosisReminderTests" */ = {
			isa = XCConfigurationList;
			buildConfigurations = (
				ED97CDFF19DB72CC008B9EBF /* Debug */,
				ED97CE0019DB72CC008B9EBF /* Release */,
			);
			defaultConfigurationIsVisible = 0;
		};
/* End XCConfigurationList section */
	};
	rootObject = ED97CDD619DB72CC008B9EBF /* Project object */;
}
